
Microsoft Visual Studio Solution File, Format Version 12.00
# Visual Studio Version 17
VisualStudioVersion = 17.2.32516.85
MinimumVisualStudioVersion = 10.0.40219.1
Project("{9A19103F-16F7-4668-BE54-9A1E7A4F7556}") = "API.Data", "API.Data\API.Data.csproj", "{DFE0C98D-0594-46D8-AB13-9AA8C6C7A1B3}"
EndProject
Project("{9A19103F-16F7-4668-BE54-9A1E7A4F7556}") = "API.Entities", "API.Entities\API.Entities.csproj", "{0D4DA14E-2DB0-4F92-A5B5-DCE0F25178EB}"
EndProject
Project("{9A19103F-16F7-4668-BE54-9A1E7A4F7556}") = "API.Common", "API.Common\API.Common.csproj", "{1807F826-B6CC-47AD-9E6F-C02BA91E5A63}"
EndProject
Project("{9A19103F-16F7-4668-BE54-9A1E7A4F7556}") = "API_Viceri", "API\API_Viceri.csproj", "{23F99E46-0451-4EB2-B422-AF9F637A7A22}"
EndProject
Global
	GlobalSection(SolutionConfigurationPlatforms) = preSolution
		Debug|Any CPU = Debug|Any CPU
		Release|Any CPU = Release|Any CPU
	EndGlobalSection
	GlobalSection(ProjectConfigurationPlatforms) = postSolution
		{DFE0C98D-0594-46D8-AB13-9AA8C6C7A1B3}.Debug|Any CPU.ActiveCfg = Debug|Any CPU
		{DFE0C98D-0594-46D8-AB13-9AA8C6C7A1B3}.Debug|Any CPU.Build.0 = Debug|Any CPU
		{DFE0C98D-0594-46D8-AB13-9AA8C6C7A1B3}.Release|Any CPU.ActiveCfg = Release|Any CPU
		{DFE0C98D-0594-46D8-AB13-9AA8C6C7A1B3}.Release|Any CPU.Build.0 = Release|Any CPU
		{0D4DA14E-2DB0-4F92-A5B5-DCE0F25178EB}.Debug|Any CPU.ActiveCfg = Debug|Any CPU
		{0D4DA14E-2DB0-4F92-A5B5-DCE0F25178EB}.Debug|Any CPU.Build.0 = Debug|Any CPU
		{0D4DA14E-2DB0-4F92-A5B5-DCE0F25178EB}.Release|Any CPU.ActiveCfg = Release|Any CPU
		{0D4DA14E-2DB0-4F92-A5B5-DCE0F25178EB}.Release|Any CPU.Build.0 = Release|Any CPU
		{1807F826-B6CC-47AD-9E6F-C02BA91E5A63}.Debug|Any CPU.ActiveCfg = Debug|Any CPU
		{1807F826-B6CC-47AD-9E6F-C02BA91E5A63}.Debug|Any CPU.Build.0 = Debug|Any CPU
		{1807F826-B6CC-47AD-9E6F-C02BA91E5A63}.Release|Any CPU.ActiveCfg = Release|Any CPU
		{1807F826-B6CC-47AD-9E6F-C02BA91E5A63}.Release|Any CPU.Build.0 = Release|Any CPU
		{23F99E46-0451-4EB2-B422-AF9F637A7A22}.Debug|Any CPU.ActiveCfg = Debug|Any CPU
		{23F99E46-0451-4EB2-B422-AF9F637A7A22}.Debug|Any CPU.Build.0 = Debug|Any CPU
		{23F99E46-0451-4EB2-B422-AF9F637A7A22}.Release|Any CPU.ActiveCfg = Release|Any CPU
		{23F99E46-0451-4EB2-B422-AF9F637A7A22}.Release|Any CPU.Build.0 = Release|Any CPU
	EndGlobalSection
	GlobalSection(SolutionProperties) = preSolution
		HideSolutionNode = FALSE
	EndGlobalSection
	GlobalSection(ExtensibilityGlobals) = postSolution
		SolutionGuid = {5762AEDA-EF6C-41CF-9A55-56E712C1EE2E}
	EndGlobalSection
EndGlobal
